{
  "nodes": {
    "antigravity-nix": {
      "inputs": {
        "flake-utils": "flake-utils",
        "nixpkgs": [
          "nixpkgs"
        ]
      },
      "locked": {
        "lastModified": 1789542992,
        "narHash": "sha256-sNXMMiOXf1pCDS3ZODjJ8QdgaVjvmYZi8xOumtKH+uo=",
        "owner": "jacopone",
        "repo": "antigravity-nix",
        "rev": "1526f257d74b565b736c1d279ca53dce48912d12",
        "type": "github"
      },
      "original": {
        "owner": "jacopone",
        "repo": "antigravity-nix",
        "type": "github"
      }
    },
    "citron-nextendo": {
      "inputs": {
        "nixpkgs": [
          "nixpkgs"
        ]
      },
      "locked": {
        "lastModified": 1789604929,
        "narHash": "sha256-AbV+rMKu+wOcHEwOmcFD8y48M7z6MZzpAklYc7TTPUY=",
        "owner": "loonbac",
        "repo": "citron-nextendo-nix",
        "rev": "933ab8b7456fe5269b7b3eb3ec71faf63de4ecbb",
        "type": "github"
      },
      "original": {
        "owner": "loonbac",
        "repo": "citron-nextendo-nix",
        "type": "github"
      }
    },
    "code-insiders-flake": {
      "inputs": {
        "nixpkgs": [
          "nixpkgs"
        ]
      },
      "locked": {
        "lastModified": 1789528047,
        "narHash": "sha256-41RCLG01zij4uL8jUOO2FebhTNq5K2YBApj0+3l3Ml0=",
        "owner": "iosmanthus",
        "repo": "code-insiders-flake",
        "rev": "b3771ae0d8a9374d0b9c492be2dd7802d1915369",
        "type": "github"
      },
      "original": {
        "owner": "iosmanthus",
        "repo": "code-insiders-flake",
        "type": "github"
      }
    },
    "crane": {
      "locked": {
        "lastModified": 1781825982,
        "narHash": "sha256-SlXKwIRIhrOSAcTjCB3ftPLzJWZStQIPS7J1FlZPnKk=",
        "owner": "ipetkov",
        "repo": "crane",
        "rev": "469fd08d0bcf6926321fa973c6777fbc87785dd7",
        "type": "github"
      },
      "original": {
        "owner": "ipetkov",
        "repo": "crane",
        "type": "github"
      }
    },
    "flake-compat": {
      "flake": false,
      "locked": {
        "lastModified": 1767039857,
        "narHash": "sha256-vNpUSpF5Nuw8xvDLj2KCwwksIbjua2LZCqhV1LNRDns=",
        "owner": "NixOS",
        "repo": "flake-compat",
        "rev": "5edf11c44bc78a0d334f6334cdaf7d60d732daab",
        "type": "github"
      },
      "original": {
        "owner": "NixOS",
        "repo": "flake-compat",
        "type": "github"
      }
    },
    "flake-parts": {
      "inputs": {
        "nixpkgs-lib": [
          "nix-tools-steam",
          "nixpkgs"
        ]
      },
      "locked": {
        "lastModified": 1785627969,
        "narHash": "sha256-4dtXQk/NMePegK/nWp5NSeuZKLATItOq61lpEvmXqGw=",
        "owner": "hercules-ci",
        "repo": "flake-parts",
        "rev": "427bf4bd9435fdf21321c8cc628c24efc14c0f7a",
        "type": "github"
      },
      "original": {
        "owner": "hercules-ci",
        "repo": "flake-parts",
        "type": "github"
      }
    },
    "flake-utils": {
      "inputs": {
        "systems": "systems"
      },
      "locked": {
        "lastModified": 1731533236,
        "narHash": "sha256-l0KFg5HjrsfsO/JpG+r7fRrqm12kzFHyUHqHCVpMMbI=",
        "owner": "numtide",
        "repo": "flake-utils",
        "rev": "11707dc2f618dd54ca8739b309ec4fc024de578b",
        "type": "github"
      },
      "original": {
        "owner": "numtide",
        "repo": "flake-utils",
        "type": "github"
      }
    },
    "gitignore": {
      "inputs": {
        "nixpkgs": [
          "lanzaboote",
          "pre-commit",
          "nixpkgs"
        ]
      },
      "locked": {
        "lastModified": 1709087332,
        "narHash": "sha256-HG2cCnktfHsKV0s4XW83gU3F57gaTljL9KNSuG6bnQs=",
        "owner": "hercules-ci",
        "repo": "gitignore.nix",
        "rev": "637db329424fd7e46cf4185293b9cc8c88c95394",
        "type": "github"
      },
      "original": {
        "owner": "hercules-ci",
        "repo": "gitignore.nix",
        "type": "github"
      }
    },
    "lanzaboote": {
      "inputs": {
        "crane": "crane",
        "nixpkgs": [
          "nixpkgs"
        ],
        "pre-commit": "pre-commit",
        "rust-overlay": "rust-overlay"
      },
      "locked": {
        "lastModified": 1782141370,
        "narHash": "sha256-hqijVSEETttmo8Okql9/LG0Ua34hdciKW1a5zzlj8mU=",
        "owner": "nix-community",
        "repo": "lanzaboote",
        "rev": "7c9a54a7f87b4539ddbd8bda09a8a5f5f9361aa9",
        "type": "github"
      },
      "original": {
        "owner": "nix-community",
        "ref": "v1.1.0",
        "repo": "lanzaboote",
        "type": "github"
      }
    },
    "millennium": {
      "inputs": {
        "millennium-src": "millennium-src",
        "nixpkgs": "nixpkgs"
      },
      "locked": {
        "dir": "packages/nix",
        "lastModified": 1789326337,
        "narHash": "sha256-FWRCpoKQ8TywKkcCFleTSZRQhbL12JmbFdisaeIRIJU=",
        "owner": "SteamClientHomebrew",
        "repo": "Millennium",
        "rev": "41f7356df31043e8c1429382dda95445530da987",
        "type": "github"
      },
      "original": {
        "dir": "packages/nix",
        "owner": "SteamClientHomebrew",
        "repo": "Millennium",
        "type": "github"
      }
    },
    "millennium-src": {
      "flake": false,
      "locked": {
        "lastModified": 1787082953,
        "narHash": "sha256-zgr4cdJfye4qunpD3ClNnZ9D1WPGQAXV0CnYwEbB52s=",
        "owner": "SteamClientHomebrew",
        "repo": "Millennium",
        "rev": "513b02e809b0eb120ecf0ae12e548798dd756323",
        "type": "github"
      },
      "original": {
        "owner": "SteamClientHomebrew",
        "repo": "Millennium",
        "rev": "513b02e809b0eb120ecf0ae12e548798dd756323",
        "type": "github"
      }
    },
    "nix-flatpak": {
      "locked": {
        "lastModified": 1767983141,
        "narHash": "sha256-7ZCulYUD9RmJIDULTRkGLSW1faMpDlPKcbWJLYHoXcs=",
        "owner": "gmodena",
        "repo": "nix-flatpak",
        "rev": "440818969ac2cbd77bfe025e884d0aa528991374",
        "type": "github"
      },
      "original": {
        "owner": "gmodena",
        "ref": "v0.7.0",
        "repo": "nix-flatpak",
        "type": "github"
      }
    },
    "nix-tools-steam": {
      "inputs": {
        "flake-parts": "flake-parts",
        "nixpkgs": [
          "nixpkgs"
        ],
        "umip-kmod": "umip-kmod"
      },
      "locked": {
        "lastModified": 1788905062,
        "narHash": "sha256-zJCwECF6YIzQhpYyAtiHmhRMO7AL4UAMa9a6/lkxKds=",
        "owner": "HANDZCZ",
        "repo": "nix-tools-steam",
        "rev": "166702c2dc899ff5da4ede7242767f1dba63c542",
        "type": "github"
      },
      "original": {
        "owner": "HANDZCZ",
        "repo": "nix-tools-steam",
        "type": "github"
      }
    },
    "nixpkgs": {
      "locked": {
        "lastModified": 1781577229,
        "narHash": "sha256-lrp67w8AulE9Ks53n27I45ADSzbOCn4H+CNW1Ck8B+8=",
        "owner": "nixos",
        "repo": "nixpkgs",
        "rev": "567a49d1913ce81ac6e9582e3553dd90a955875f",
        "type": "github"
      },
      "original": {
        "owner": "nixos",
        "repo": "nixpkgs",
        "rev": "567a49d1913ce81ac6e9582e3553dd90a955875f",
        "type": "github"
      }
    },
    "nixpkgs_2": {
      "locked": {
        "lastModified": 1789344334,
        "narHash": "sha256-vdhpDJ3Lr24lkZ+fDCjmBRRtw9/vcSzkqGJOJyF5h2U=",
        "owner": "NixOS",
        "repo": "nixpkgs",
        "rev": "c3eea5b2156db11c7eeeada3dc737711255b253e",
        "type": "github"
      },
      "original": {
        "owner": "NixOS",
        "ref": "nixos-26.05",
        "repo": "nixpkgs",
        "type": "github"
      }
    },
    "pre-commit": {
      "inputs": {
        "flake-compat": "flake-compat",
        "gitignore": "gitignore",
        "nixpkgs": [
          "lanzaboote",
          "nixpkgs"
        ]
      },
      "locked": {
        "lastModified": 1781733627,
        "narHash": "sha256-U3yTuGBnmXvXoQI3qkpfEDsn9RovQPAjN7ndRco+3u0=",
        "owner": "cachix",
        "repo": "pre-commit-hooks.nix",
        "rev": "3bbec39bc90eadfa031e6f3b77272f3f60803e39",
        "type": "github"
      },
      "original": {
        "owner": "cachix",
        "repo": "pre-commit-hooks.nix",
        "type": "github"
      }
    },
    "root": {
      "inputs": {
        "antigravity-nix": "antigravity-nix",
        "citron-nextendo": "citron-nextendo",
        "code-insiders-flake": "code-insiders-flake",
        "lanzaboote": "lanzaboote",
        "millennium": "millennium",
        "nix-flatpak": "nix-flatpak",
        "nix-tools-steam": "nix-tools-steam",
        "nixpkgs": "nixpkgs_2",
        "space-theme-fix": "space-theme-fix",
        "zen-browser": "zen-browser"
      }
    },
    "rust-overlay": {
      "inputs": {
        "nixpkgs": [
          "lanzaboote",
          "nixpkgs"
        ]
      },
      "locked": {
        "lastModified": 1782012058,
        "narHash": "sha256-9mWUnReOUXfKjZuJAL/bAFH3LUyECTRtXgSNVjRw3UY=",
        "owner": "oxalica",
        "repo": "rust-overlay",
        "rev": "8534567325bd8a8d2928e6afd81e0a87d19efd3c",
        "type": "github"
      },
      "original": {
        "owner": "oxalica",
        "repo": "rust-overlay",
        "type": "github"
      }
    },
    "space-theme-fix": {
      "flake": false,
      "locked": {
        "lastModified": 1785591561,
        "narHash": "sha256-4/Hn8ERdEGM9Yar1IEW3j6ELmSChFKsHTTHPONT1yoM=",
        "owner": "Apollo-Nebula",
        "repo": "SpaceTheme-Fix",
        "rev": "df7cb3b350f7260470114f4bcf5af6ce0959f8ec",
        "type": "github"
      },
      "original": {
        "owner": "Apollo-Nebula",
        "repo": "SpaceTheme-Fix",
        "type": "github"
      }
    },
    "systems": {
      "locked": {
        "lastModified": 1681028828,
        "narHash": "sha256-Vy1rq5AaRuLzOxct8nz4T6wlgyUR7zLU309k9mBC768=",
        "owner": "nix-systems",
        "repo": "default",
        "rev": "da67096a3b9bf56a91d16901293e51ba5b49a27e",
        "type": "github"
      },
      "original": {
        "owner": "nix-systems",
        "repo": "default",
        "type": "github"
      }
    },
    "umip-kmod": {
      "inputs": {
        "flake-parts": [
          "nix-tools-steam",
          "flake-parts"
        ],
        "nixpkgs": [
          "nix-tools-steam",
          "nixpkgs"
        ]
      },
      "locked": {
        "lastModified": 1784619300,
        "narHash": "sha256-HHcadH6fIPPMeggUmN1+mHMvafMXzsrjYkQ8kwBV7Rg=",
        "owner": "HANDZCZ",
        "repo": "umip-kmod",
        "rev": "1661a05562fc3a24cda66ab30256baffb5b0f173",
        "type": "github"
      },
      "original": {
        "owner": "HANDZCZ",
        "repo": "umip-kmod",
        "type": "github"
      }
    },
    "zen-browser": {
      "inputs": {
        "nixpkgs": [
          "nixpkgs"
        ]
      },
      "locked": {
        "lastModified": 1789289402,
        "narHash": "sha256-7HHAIxdoDAJv09/I6DrMsAJFgol2cqJumaPCCZ+XdAU=",
        "owner": "youwen5",
        "repo": "zen-browser-flake",
        "rev": "4036109214cf20632000558935bd823b901fa886",
        "type": "github"
      },
      "original": {
        "owner": "youwen5",
        "repo": "zen-browser-flake",
        "type": "github"
      }
    }
  },
  "root": "root",
  "version": 7
}
